// !$*UTF8*$!
{
	archiveVersion = 1;
	classes = {
	};
	objectVersion = 46;
	objects = {

/* Begin PBXBuildFile section */
		C5C89A02051781F192470CAF /* libPods-TheBlueRiver411.a in Frameworks */ = {isa = PBXBuildFile; fileRef = 14D519E3827C64F26AB16540 /* libPods-TheBlueRiver411.a */; };
		C97478111B9F50E000D99EFC /* static.json in Resources */ = {isa = PBXBuildFile; fileRef = C97478101B9F50E000D99EFC /* static.json */; };
		C984BA611B161EE100932B6C /* Fly_c.png in Resources */ = {isa = PBXBuildFile; fileRef = C984BA601B161EE100932B6C /* Fly_c.png */; };
		C984BA631B161EF300932B6C /* Directions_d.png in Resources */ = {isa = PBXBuildFile; fileRef = C984BA621B161EF300932B6C /* Directions_d.png */; };
		C9D579B61B0B9E3500364AB2 /* main.m in Sources */ = {isa = PBXBuildFile; fileRef = C9D579B51B0B9E3500364AB2 /* main.m */; };
		C9D579B91B0B9E3500364AB2 /* AppDelegate.m in Sources */ = {isa = PBXBuildFile; fileRef = C9D579B81B0B9E3500364AB2 /* AppDelegate.m */; };
		C9D579BC1B0B9E3500364AB2 /* TheBlueRiver411.xcdatamodeld in Sources */ = {isa = PBXBuildFile; fileRef = C9D579BA1B0B9E3500364AB2 /* TheBlueRiver411.xcdatamodeld */; };
		C9D579BF1B0B9E3500364AB2 /* ViewController.m in Sources */ = {isa = PBXBuildFile; fileRef = C9D579BE1B0B9E3500364AB2 /* ViewController.m */; };
		C9D579C21B0B9E3500364AB2 /* Main.storyboard in Resources */ = {isa = PBXBuildFile; fileRef = C9D579C01B0B9E3500364AB2 /* Main.storyboard */; };
		C9D579C41B0B9E3500364AB2 /* Images.xcassets in Resources */ = {isa = PBXBuildFile; fileRef = C9D579C31B0B9E3500364AB2 /* Images.xcassets */; };
		C9D579C71B0B9E3500364AB2 /* LaunchScreen.xib in Resources */ = {isa = PBXBuildFile; fileRef = C9D579C51B0B9E3500364AB2 /* LaunchScreen.xib */; };
		C9D579D31B0B9E3500364AB2 /* TheBlueRiver411Tests.m in Sources */ = {isa = PBXBuildFile; fileRef = C9D579D21B0B9E3500364AB2 /* TheBlueRiver411Tests.m */; };
		C9D579DE1B0BA4BD00364AB2 /* Bug.m in Sources */ = {isa = PBXBuildFile; fileRef = C9D579DD1B0BA4BD00364AB2 /* Bug.m */; };
		C9D579E11B0BA4BD00364AB2 /* Area.m in Sources */ = {isa = PBXBuildFile; fileRef = C9D579E01B0BA4BD00364AB2 /* Area.m */; };
		C9D579E41B0BA4BD00364AB2 /* Location.m in Sources */ = {isa = PBXBuildFile; fileRef = C9D579E31B0BA4BD00364AB2 /* Location.m */; };
		C9D579E81B0E333700364AB2 /* Hole_icon3.png in Resources */ = {isa = PBXBuildFile; fileRef = C9D579E71B0E333700364AB2 /* Hole_icon3.png */; };
		C9D579EA1B0E333D00364AB2 /* LighterFishnet_scalechange.png in Resources */ = {isa = PBXBuildFile; fileRef = C9D579E91B0E333D00364AB2 /* LighterFishnet_scalechange.png */; };
		C9D579EC1B0E334500364AB2 /* LocationsImage.png in Resources */ = {isa = PBXBuildFile; fileRef = C9D579EB1B0E334500364AB2 /* LocationsImage.png */; };
		C9D579EE1B0E342400364AB2 /* Icon_info.png in Resources */ = {isa = PBXBuildFile; fileRef = C9D579ED1B0E342400364AB2 /* Icon_info.png */; };
		C9D579F21B0E34F500364AB2 /* BRCustomCell.m in Sources */ = {isa = PBXBuildFile; fileRef = C9D579F11B0E34F500364AB2 /* BRCustomCell.m */; };
		C9D579F51B0E351A00364AB2 /* BRAreasViewController.m in Sources */ = {isa = PBXBuildFile; fileRef = C9D579F41B0E351A00364AB2 /* BRAreasViewController.m */; };
		C9D579F81B0E3CC500364AB2 /* BRCustomCellTwo.m in Sources */ = {isa = PBXBuildFile; fileRef = C9D579F71B0E3CC500364AB2 /* BRCustomCellTwo.m */; };
		C9D579FB1B0E3CD700364AB2 /* BRLocationsViewController.m in Sources */ = {isa = PBXBuildFile; fileRef = C9D579FA1B0E3CD700364AB2 /* BRLocationsViewController.m */; };
		C9D579FE1B0E40C900364AB2 /* BRDetailsViewController.m in Sources */ = {isa = PBXBuildFile; fileRef = C9D579FD1B0E40C900364AB2 /* BRDetailsViewController.m */; };
		C9D57A011B0E40D800364AB2 /* BRDescriptionViewController.m in Sources */ = {isa = PBXBuildFile; fileRef = C9D57A001B0E40D800364AB2 /* BRDescriptionViewController.m */; };
		C9D57A041B0E40E600364AB2 /* BRDirectionsViewController.m in Sources */ = {isa = PBXBuildFile; fileRef = C9D57A031B0E40E600364AB2 /* BRDirectionsViewController.m */; };
		C9D57A071B0E40F200364AB2 /* BRBugViewController.m in Sources */ = {isa = PBXBuildFile; fileRef = C9D57A061B0E40F200364AB2 /* BRBugViewController.m */; };
		C9DCE93A1B20B3ED0073D1F3 /* Info-25.png in Resources */ = {isa = PBXBuildFile; fileRef = C9DCE9391B20B3ED0073D1F3 /* Info-25.png */; };
		C9DEB2631BA74004008EEAA6 /* BLUERiver_splash_640x1136_final.png in Resources */ = {isa = PBXBuildFile; fileRef = C9DEB2621BA74004008EEAA6 /* BLUERiver_splash_640x1136_final.png */; };
		C9DEB2651BA7406F008EEAA6 /* BLUERiver_splash_640x1136_final-568h.png in Resources */ = {isa = PBXBuildFile; fileRef = C9DEB2641BA7406F008EEAA6 /* BLUERiver_splash_640x1136_final-568h.png */; };
		C9DEB2671BA74E11008EEAA6 /* BLUERiver_splash-568h.png in Resources */ = {isa = PBXBuildFile; fileRef = C9DEB2661BA74E11008EEAA6 /* BLUERiver_splash-568h.png */; };
/* End PBXBuildFile section */

/* Begin PBXContainerItemProxy section */
		C9D579CD1B0B9E3500364AB2 /* PBXContainerItemProxy */ = {
			isa = PBXContainerItemProxy;
			containerPortal = C9D579A81B0B9E3500364AB2 /* Project object */;
			proxyType = 1;
			remoteGlobalIDString = C9D579AF1B0B9E3500364AB2;
			remoteInfo = TheBlueRiver411;
		};
/* End PBXContainerItemProxy section */

/* Begin PBXFileReference section */
		14D519E3827C64F26AB16540 /* libPods-TheBlueRiver411.a */ = {isa = PBXFileReference; explicitFileType = archive.ar; includeInIndex = 0; path = "libPods-TheBlueRiver411.a"; sourceTree = BUILT_PRODUCTS_DIR; };
		4834F1E7DFBC4CA2B5E12666 /* Pods-TheBlueRiver411.debug.xcconfig */ = {isa = PBXFileReference; includeInIndex = 1; lastKnownFileType = text.xcconfig; name = "Pods-TheBlueRiver411.debug.xcconfig"; path = "Pods/Target Support Files/Pods-TheBlueRiver411/Pods-TheBlueRiver411.debug.xcconfig"; sourceTree = "<group>"; };
		C97478101B9F50E000D99EFC /* static.json */ = {isa = PBXFileReference; fileEncoding = 4; lastKnownFileType = text.json; path = static.json; sourceTree = "<group>"; };
		C984BA601B161EE100932B6C /* Fly_c.png */ = {isa = PBXFileReference; lastKnownFileType = image.png; path = Fly_c.png; sourceTree = "<group>"; };
		C984BA621B161EF300932B6C /* Directions_d.png */ = {isa = PBXFileReference; lastKnownFileType = image.png; path = Directions_d.png; sourceTree = "<group>"; };
		C9D579B01B0B9E3500364AB2 /* TheBlueRiver411.app */ = {isa = PBXFileReference; explicitFileType = wrapper.application; includeInIndex = 0; path = TheBlueRiver411.app; sourceTree = BUILT_PRODUCTS_DIR; };
		C9D579B41B0B9E3500364AB2 /* Info.plist */ = {isa = PBXFileReference; lastKnownFileType = text.plist.xml; path = Info.plist; sourceTree = "<group>"; };
		C9D579B51B0B9E3500364AB2 /* main.m */ = {isa = PBXFileReference; lastKnownFileType = sourcecode.c.objc; path = main.m; sourceTree = "<group>"; };
		C9D579B71B0B9E3500364AB2 /* AppDelegate.h */ = {isa = PBXFileReference; lastKnownFileType = sourcecode.c.h; path = AppDelegate.h; sourceTree = "<group>"; };
		C9D579B81B0B9E3500364AB2 /* AppDelegate.m */ = {isa = PBXFileReference; lastKnownFileType = sourcecode.c.objc; path = AppDelegate.m; sourceTree = "<group>"; };
		C9D579BB1B0B9E3500364AB2 /* TheBlueRiver411.xcdatamodel */ = {isa = PBXFileReference; lastKnownFileType = wrapper.xcdatamodel; path = TheBlueRiver411.xcdatamodel; sourceTree = "<group>"; };
		C9D579BD1B0B9E3500364AB2 /* ViewController.h */ = {isa = PBXFileReference; lastKnownFileType = sourcecode.c.h; path = ViewController.h; sourceTree = "<group>"; };
		C9D579BE1B0B9E3500364AB2 /* ViewController.m */ = {isa = PBXFileReference; lastKnownFileType = sourcecode.c.objc; path = ViewController.m; sourceTree = "<group>"; };
		C9D579C11B0B9E3500364AB2 /* Base */ = {isa = PBXFileReference; lastKnownFileType = file.storyboard; name = Base; path = Base.lproj/Main.storyboard; sourceTree = "<group>"; };
		C9D579C31B0B9E3500364AB2 /* Images.xcassets */ = {isa = PBXFileReference; lastKnownFileType = folder.assetcatalog; path = Images.xcassets; sourceTree = "<group>"; };
		C9D579C61B0B9E3500364AB2 /* Base */ = {isa = PBXFileReference; lastKnownFileType = file.xib; name = Base; path = Base.lproj/LaunchScreen.xib; sourceTree = "<group>"; };
		C9D579CC1B0B9E3500364AB2 /* TheBlueRiver411Tests.xctest */ = {isa = PBXFileReference; explicitFileType = wrapper.cfbundle; includeInIndex = 0; path = TheBlueRiver411Tests.xctest; sourceTree = BUILT_PRODUCTS_DIR; };
		C9D579D11B0B9E3500364AB2 /* Info.plist */ = {isa = PBXFileReference; lastKnownFileType = text.plist.xml; path = Info.plist; sourceTree = "<group>"; };
		C9D579D21B0B9E3500364AB2 /* TheBlueRiver411Tests.m */ = {isa = PBXFileReference; lastKnownFileType = sourcecode.c.objc; path = TheBlueRiver411Tests.m; sourceTree = "<group>"; };
		C9D579DC1B0BA4BD00364AB2 /* Bug.h */ = {isa = PBXFileReference; fileEncoding = 4; lastKnownFileType = sourcecode.c.h; path = Bug.h; sourceTree = "<group>"; };
		C9D579DD1B0BA4BD00364AB2 /* Bug.m */ = {isa = PBXFileReference; fileEncoding = 4; lastKnownFileType = sourcecode.c.objc; path = Bug.m; sourceTree = "<group>"; };
		C9D579DF1B0BA4BD00364AB2 /* Area.h */ = {isa = PBXFileReference; fileEncoding = 4; lastKnownFileType = sourcecode.c.h; path = Area.h; sourceTree = "<group>"; };
		C9D579E01B0BA4BD00364AB2 /* Area.m */ = {isa = PBXFileReference; fileEncoding = 4; lastKnownFileType = sourcecode.c.objc; path = Area.m; sourceTree = "<group>"; };
		C9D579E21B0BA4BD00364AB2 /* Location.h */ = {isa = PBXFileReference; fileEncoding = 4; lastKnownFileType = sourcecode.c.h; path = Location.h; sourceTree = "<group>"; };
		C9D579E31B0BA4BD00364AB2 /* Location.m */ = {isa = PBXFileReference; fileEncoding = 4; lastKnownFileType = sourcecode.c.objc; path = Location.m; sourceTree = "<group>"; };
		C9D579E71B0E333700364AB2 /* Hole_icon3.png */ = {isa = PBXFileReference; lastKnownFileType = image.png; path = Hole_icon3.png; sourceTree = "<group>"; };
		C9D579E91B0E333D00364AB2 /* LighterFishnet_scalechange.png */ = {isa = PBXFileReference; lastKnownFileType = image.png; path = LighterFishnet_scalechange.png; sourceTree = "<group>"; };
		C9D579EB1B0E334500364AB2 /* LocationsImage.png */ = {isa = PBXFileReference; lastKnownFileType = image.png; path = LocationsImage.png; sourceTree = "<group>"; };
		C9D579ED1B0E342400364AB2 /* Icon_info.png */ = {isa = PBXFileReference; lastKnownFileType = image.png; path = Icon_info.png; sourceTree = "<group>"; };
		C9D579F01B0E34EE00364AB2 /* BRCustomCell.h */ = {isa = PBXFileReference; lastKnownFileType = sourcecode.c.h; path = BRCustomCell.h; sourceTree = "<group>"; };
		C9D579F11B0E34F500364AB2 /* BRCustomCell.m */ = {isa = PBXFileReference; fileEncoding = 4; lastKnownFileType = sourcecode.c.objc; path = BRCustomCell.m; sourceTree = "<group>"; };
		C9D579F31B0E351300364AB2 /* BRAreasViewController.h */ = {isa = PBXFileReference; lastKnownFileType = sourcecode.c.h; path = BRAreasViewController.h; sourceTree = "<group>"; };
		C9D579F41B0E351A00364AB2 /* BRAreasViewController.m */ = {isa = PBXFileReference; fileEncoding = 4; lastKnownFileType = sourcecode.c.objc; path = BRAreasViewController.m; sourceTree = "<group>"; };
		C9D579F61B0E3CBF00364AB2 /* BRCustomCellTwo.h */ = {isa = PBXFileReference; lastKnownFileType = sourcecode.c.h; path = BRCustomCellTwo.h; sourceTree = "<group>"; };
		C9D579F71B0E3CC500364AB2 /* BRCustomCellTwo.m */ = {isa = PBXFileReference; fileEncoding = 4; lastKnownFileType = sourcecode.c.objc; path = BRCustomCellTwo.m; sourceTree = "<group>"; };
		C9D579F91B0E3CCF00364AB2 /* BRLocationsViewController.h */ = {isa = PBXFileReference; lastKnownFileType = sourcecode.c.h; path = BRLocationsViewController.h; sourceTree = "<group>"; };
		C9D579FA1B0E3CD700364AB2 /* BRLocationsViewController.m */ = {isa = PBXFileReference; fileEncoding = 4; lastKnownFileType = sourcecode.c.objc; path = BRLocationsViewController.m; sourceTree = "<group>"; };
		C9D579FC1B0E40C100364AB2 /* BRDetailsViewController.h */ = {isa = PBXFileReference; lastKnownFileType = sourcecode.c.h; path = BRDetailsViewController.h; sourceTree = "<group>"; };
		C9D579FD1B0E40C900364AB2 /* BRDetailsViewController.m */ = {isa = PBXFileReference; fileEncoding = 4; lastKnownFileType = sourcecode.c.objc; path = BRDetailsViewController.m; sourceTree = "<group>"; };
		C9D579FF1B0E40D100364AB2 /* BRDescriptionViewController.h */ = {isa = PBXFileReference; lastKnownFileType = sourcecode.c.h; path = BRDescriptionViewController.h; sourceTree = "<group>"; };
		C9D57A001B0E40D800364AB2 /* BRDescriptionViewController.m */ = {isa = PBXFileReference; fileEncoding = 4; lastKnownFileType = sourcecode.c.objc; path = BRDescriptionViewController.m; sourceTree = "<group>"; };
		C9D57A021B0E40E100364AB2 /* BRDirectionsViewController.h */ = {isa = PBXFileReference; lastKnownFileType = sourcecode.c.h; path = BRDirectionsViewController.h; sourceTree = "<group>"; };
		C9D57A031B0E40E600364AB2 /* BRDirectionsViewController.m */ = {isa = PBXFileReference; fileEncoding = 4; lastKnownFileType = sourcecode.c.objc; path = BRDirectionsViewController.m; sourceTree = "<group>"; };
		C9D57A051B0E40ED00364AB2 /* BRBugViewController.h */ = {isa = PBXFileReference; lastKnownFileType = sourcecode.c.h; path = BRBugViewController.h; sourceTree = "<group>"; };
		C9D57A061B0E40F200364AB2 /* BRBugViewController.m */ = {isa = PBXFileReference; fileEncoding = 4; lastKnownFileType = sourcecode.c.objc; path = BRBugViewController.m; sourceTree = "<group>"; };
		C9DCE9391B20B3ED0073D1F3 /* Info-25.png */ = {isa = PBXFileReference; lastKnownFileType = image.png; path = "Info-25.png"; sourceTree = "<group>"; };
		C9DEB2621BA74004008EEAA6 /* BLUERiver_splash_640x1136_final.png */ = {isa = PBXFileReference; lastKnownFileType = image.png; path = BLUERiver_splash_640x1136_final.png; sourceTree = "<group>"; };
		C9DEB2641BA7406F008EEAA6 /* BLUERiver_splash_640x1136_final-568h.png */ = {isa = PBXFileReference; lastKnownFileType = image.png; path = "BLUERiver_splash_640x1136_final-568h.png"; sourceTree = "<group>"; };
		C9DEB2661BA74E11008EEAA6 /* BLUERiver_splash-568h.png */ = {isa = PBXFileReference; lastKnownFileType = image.png; path = "BLUERiver_splash-568h.png"; sourceTree = "<group>"; };
		E4133A6566B970F312BCDBAE /* Pods-TheBlueRiver411.release.xcconfig */ = {isa = PBXFileReference; includeInIndex = 1; lastKnownFileType = text.xcconfig; name = "Pods-TheBlueRiver411.release.xcconfig"; path = "Pods/Target Support Files/Pods-TheBlueRiver411/Pods-TheBlueRiver411.release.xcconfig"; sourceTree = "<group>"; };
/* End PBXFileReference section */

/* Begin PBXFrameworksBuildPhase section */
		C9D579AD1B0B9E3500364AB2 /* Frameworks */ = {
			isa = PBXFrameworksBuildPhase;
			buildActionMask = 2147483647;
			files = (
				C5C89A02051781F192470CAF /* libPods-TheBlueRiver411.a in Frameworks */,
			);
			runOnlyForDeploymentPostprocessing = 0;
		};
		C9D579C91B0B9E3500364AB2 /* Frameworks */ = {
			isa = PBXFrameworksBuildPhase;
			buildActionMask = 2147483647;
			files = (
			);
			runOnlyForDeploymentPostprocessing = 0;
		};
/* End PBXFrameworksBuildPhase section */

/* Begin PBXGroup section */
		43B9C957CAC81363F966ECA6 /* Frameworks */ = {
			isa = PBXGroup;
			children = (
				14D519E3827C64F26AB16540 /* libPods-TheBlueRiver411.a */,
			);
			name = Frameworks;
			sourceTree = "<group>";
		};
		C9D579A71B0B9E3500364AB2 = {
			isa = PBXGroup;
			children = (
				C97478101B9F50E000D99EFC /* static.json */,
				C9D579B21B0B9E3500364AB2 /* TheBlueRiver411 */,
				C9D579CF1B0B9E3500364AB2 /* TheBlueRiver411Tests */,
				C9D579B11B0B9E3500364AB2 /* Products */,
				F241A960FAE7C502AE96B583 /* Pods */,
				43B9C957CAC81363F966ECA6 /* Frameworks */,
			);
			sourceTree = "<group>";
		};
		C9D579B11B0B9E3500364AB2 /* Products */ = {
			isa = PBXGroup;
			children = (
				C9D579B01B0B9E3500364AB2 /* TheBlueRiver411.app */,
				C9D579CC1B0B9E3500364AB2 /* TheBlueRiver411Tests.xctest */,
			);
			name = Products;
			sourceTree = "<group>";
		};
		C9D579B21B0B9E3500364AB2 /* TheBlueRiver411 */ = {
			isa = PBXGroup;
			children = (
				C9D579C01B0B9E3500364AB2 /* Main.storyboard */,
				C9D579B71B0B9E3500364AB2 /* AppDelegate.h */,
				C9D579B81B0B9E3500364AB2 /* AppDelegate.m */,
				C9D579EF1B0E34CF00364AB2 /* View Controllers */,
				C9D579E51B0BEF2300364AB2 /* Core Data Model */,
				C9D579C51B0B9E3500364AB2 /* LaunchScreen.xib */,
				C9D579C31B0B9E3500364AB2 /* Images.xcassets */,
				C9D579B31B0B9E3500364AB2 /* Supporting Files */,
			);
			path = TheBlueRiver411;
			sourceTree = "<group>";
		};
		C9D579B31B0B9E3500364AB2 /* Supporting Files */ = {
			isa = PBXGroup;
			children = (
				C9D579B41B0B9E3500364AB2 /* Info.plist */,
				C9D579B51B0B9E3500364AB2 /* main.m */,
				C9D579E61B0E32F700364AB2 /* Images */,
			);
			name = "Supporting Files";
			sourceTree = "<group>";
		};
		C9D579CF1B0B9E3500364AB2 /* TheBlueRiver411Tests */ = {
			isa = PBXGroup;
			children = (
				C9D579D21B0B9E3500364AB2 /* TheBlueRiver411Tests.m */,
				C9D579D01B0B9E3500364AB2 /* Supporting Files */,
			);
			path = TheBlueRiver411Tests;
			sourceTree = "<group>";
		};
		C9D579D01B0B9E3500364AB2 /* Supporting Files */ = {
			isa = PBXGroup;
			children = (
				C9D579D11B0B9E3500364AB2 /* Info.plist */,
			);
			name = "Supporting Files";
			sourceTree = "<group>";
		};
		C9D579E51B0BEF2300364AB2 /* Core Data Model */ = {
			isa = PBXGroup;
			children = (
				C9D579BA1B0B9E3500364AB2 /* TheBlueRiver411.xcdatamodeld */,
				C9D579DF1B0BA4BD00364AB2 /* Area.h */,
				C9D579E01B0BA4BD00364AB2 /* Area.m */,
				C9D579DC1B0BA4BD00364AB2 /* Bug.h */,
				C9D579DD1B0BA4BD00364AB2 /* Bug.m */,
				C9D579E21B0BA4BD00364AB2 /* Location.h */,
				C9D579E31B0BA4BD00364AB2 /* Location.m */,
			);
			name = "Core Data Model";
			sourceTree = "<group>";
		};
		C9D579E61B0E32F700364AB2 /* Images */ = {
			isa = PBXGroup;
			children = (
				C9D579E71B0E333700364AB2 /* Hole_icon3.png */,
				C9DEB2641BA7406F008EEAA6 /* BLUERiver_splash_640x1136_final-568h.png */,
				C9DEB2621BA74004008EEAA6 /* BLUERiver_splash_640x1136_final.png */,
				C9DEB2661BA74E11008EEAA6 /* BLUERiver_splash-568h.png */,
				C9D579E91B0E333D00364AB2 /* LighterFishnet_scalechange.png */,
				C9D579EB1B0E334500364AB2 /* LocationsImage.png */,
				C9D579ED1B0E342400364AB2 /* Icon_info.png */,
				C984BA601B161EE100932B6C /* Fly_c.png */,
				C984BA621B161EF300932B6C /* Directions_d.png */,
				C9DCE9391B20B3ED0073D1F3 /* Info-25.png */,
			);
			name = Images;
			sourceTree = "<group>";
		};
		C9D579EF1B0E34CF00364AB2 /* View Controllers */ = {
			isa = PBXGroup;
			children = (
				C9D579BD1B0B9E3500364AB2 /* ViewController.h */,
				C9D579BE1B0B9E3500364AB2 /* ViewController.m */,
				C9D579F01B0E34EE00364AB2 /* BRCustomCell.h */,
				C9D579F11B0E34F500364AB2 /* BRCustomCell.m */,
				C9D579F31B0E351300364AB2 /* BRAreasViewController.h */,
				C9D579F41B0E351A00364AB2 /* BRAreasViewController.m */,
				C9D579F61B0E3CBF00364AB2 /* BRCustomCellTwo.h */,
				C9D579F71B0E3CC500364AB2 /* BRCustomCellTwo.m */,
				C9D579F91B0E3CCF00364AB2 /* BRLocationsViewController.h */,
				C9D579FA1B0E3CD700364AB2 /* BRLocationsViewController.m */,
				C9D579FC1B0E40C100364AB2 /* BRDetailsViewController.h */,
				C9D579FD1B0E40C900364AB2 /* BRDetailsViewController.m */,
				C9D579FF1B0E40D100364AB2 /* BRDescriptionViewController.h */,
				C9D57A001B0E40D800364AB2 /* BRDescriptionViewController.m */,
				C9D57A021B0E40E100364AB2 /* BRDirectionsViewController.h */,
				C9D57A031B0E40E600364AB2 /* BRDirectionsViewController.m */,
				C9D57A051B0E40ED00364AB2 /* BRBugViewController.h */,
				C9D57A061B0E40F200364AB2 /* BRBugViewController.m */,
			);
			name = "View Controllers";
			sourceTree = "<group>";
		};
		F241A960FAE7C502AE96B583 /* Pods */ = {
			isa = PBXGroup;
			children = (
				4834F1E7DFBC4CA2B5E12666 /* Pods-TheBlueRiver411.debug.xcconfig */,
				E4133A6566B970F312BCDBAE /* Pods-TheBlueRiver411.release.xcconfig */,
			);
			name = Pods;
			sourceTree = "<group>";
		};
/* End PBXGroup section */

/* Begin PBXNativeTarget section */
		C9D579AF1B0B9E3500364AB2 /* TheBlueRiver411 */ = {
			isa = PBXNativeTarget;
			buildConfigurationList = C9D579D61B0B9E3500364AB2 /* Build configuration list for PBXNativeTarget "TheBlueRiver411" */;
			buildPhases = (
				C5B9595D8A31E38723DB8B48 /* Check Pods Manifest.lock */,
				C9D579AC1B0B9E3500364AB2 /* Sources */,
				C9D579AD1B0B9E3500364AB2 /* Frameworks */,
				C9D579AE1B0B9E3500364AB2 /* Resources */,
				10C1D6AA8713E7BE7570E5C1 /* Copy Pods Resources */,
			);
			buildRules = (
			);
			dependencies = (
			);
			name = TheBlueRiver411;
			productName = TheBlueRiver411;
			productReference = C9D579B01B0B9E3500364AB2 /* TheBlueRiver411.app */;
			productType = "com.apple.product-type.application";
		};
		C9D579CB1B0B9E3500364AB2 /* TheBlueRiver411Tests */ = {
			isa = PBXNativeTarget;
			buildConfigurationList = C9D579D91B0B9E3500364AB2 /* Build configuration list for PBXNativeTarget "TheBlueRiver411Tests" */;
			buildPhases = (
				C9D579C81B0B9E3500364AB2 /* Sources */,
				C9D579C91B0B9E3500364AB2 /* Frameworks */,
				C9D579CA1B0B9E3500364AB2 /* Resources */,
			);
			buildRules = (
			);
			dependencies = (
				C9D579CE1B0B9E3500364AB2 /* PBXTargetDependency */,
			);
			name = TheBlueRiver411Tests;
			productName = TheBlueRiver411Tests;
			productReference = C9D579CC1B0B9E3500364AB2 /* TheBlueRiver411Tests.xctest */;
			productType = "com.apple.product-type.bundle.unit-test";
		};
/* End PBXNativeTarget section */

/* Begin PBXProject section */
		C9D579A81B0B9E3500364AB2 /* Project object */ = {
			isa = PBXProject;
			attributes = {
				LastUpgradeCheck = 0700;
				ORGANIZATIONNAME = "Ben Russell";
				TargetAttributes = {
					C9D579AF1B0B9E3500364AB2 = {
						CreatedOnToolsVersion = 6.3.1;
						DevelopmentTeam = GUY34L2LLG;
					};
					C9D579CB1B0B9E3500364AB2 = {
						CreatedOnToolsVersion = 6.3.1;
						TestTargetID = C9D579AF1B0B9E3500364AB2;
					};
				};
			};
			buildConfigurationList = C9D579AB1B0B9E3500364AB2 /* Build configuration list for PBXProject "TheBlueRiver411" */;
			compatibilityVersion = "Xcode 3.2";
			developmentRegion = English;
			hasScannedForEncodings = 0;
			knownRegions = (
				en,
				Base,
			);
			mainGroup = C9D579A71B0B9E3500364AB2;
			productRefGroup = C9D579B11B0B9E3500364AB2 /* Products */;
			projectDirPath = "";
			projectRoot = "";
			targets = (
				C9D579AF1B0B9E3500364AB2 /* TheBlueRiver411 */,
				C9D579CB1B0B9E3500364AB2 /* TheBlueRiver411Tests */,
			);
		};
/* End PBXProject section */

/* Begin PBXResourcesBuildPhase section */
		C9D579AE1B0B9E3500364AB2 /* Resources */ = {
			isa = PBXResourcesBuildPhase;
			buildActionMask = 2147483647;
			files = (
				C9D579EE1B0E342400364AB2 /* Icon_info.png in Resources */,
				C984BA611B161EE100932B6C /* Fly_c.png in Resources */,
				C97478111B9F50E000D99EFC /* static.json in Resources */,
				C984BA631B161EF300932B6C /* Directions_d.png in Resources */,
				C9D579EC1B0E334500364AB2 /* LocationsImage.png in Resources */,
				C9D579E81B0E333700364AB2 /* Hole_icon3.png in Resources */,
				C9DEB2651BA7406F008EEAA6 /* BLUERiver_splash_640x1136_final-568h.png in Resources */,
				C9D579EA1B0E333D00364AB2 /* LighterFishnet_scalechange.png in Resources */,
				C9DCE93A1B20B3ED0073D1F3 /* Info-25.png in Resources */,
				C9D579C21B0B9E3500364AB2 /* Main.storyboard in Resources */,
				C9DEB2631BA74004008EEAA6 /* BLUERiver_splash_640x1136_final.png in Resources */,
				C9D579C71B0B9E3500364AB2 /* LaunchScreen.xib in Resources */,
				C9DEB2671BA74E11008EEAA6 /* BLUERiver_splash-568h.png in Resources */,
				C9D579C41B0B9E3500364AB2 /* Images.xcassets in Resources */,
			);
			runOnlyForDeploymentPostprocessing = 0;
		};
		C9D579CA1B0B9E3500364AB2 /* Resources */ = {
			isa = PBXResourcesBuildPhase;
			buildActionMask = 2147483647;
			files = (
			);
			runOnlyForDeploymentPostprocessing = 0;
		};
/* End PBXResourcesBuildPhase section */

/* Begin PBXShellScriptBuildPhase section */
		10C1D6AA8713E7BE7570E5C1 /* Copy Pods Resources */ = {
			isa = PBXShellScriptBuildPhase;
			buildActionMask = 2147483647;
			files = (
			);
			inputPaths = (
			);
			name = "Copy Pods Resources";
			outputPaths = (
			);
			runOnlyForDeploymentPostprocessing = 0;
			shellPath = /bin/sh;
			shellScript = "\"${SRCROOT}/Pods/Target Support Files/Pods-TheBlueRiver411/Pods-TheBlueRiver411-resources.sh\"\n";
			showEnvVarsInLog = 0;
		};
		C5B9595D8A31E38723DB8B48 /* Check Pods Manifest.lock */ = {
			isa = PBXShellScriptBuildPhase;
			buildActionMask = 2147483647;
			files = (
			);
			inputPaths = (
			);
			name = "Check Pods Manifest.lock";
			outputPaths = (
			);
			runOnlyForDeploymentPostprocessing = 0;
			shellPath = /bin/sh;
			shellScript = "diff \"${PODS_ROOT}/../Podfile.lock\" \"${PODS_ROOT}/Manifest.lock\" > /dev/null\nif [[ $? != 0 ]] ; then\n    cat << EOM\nerror: The sandbox is not in sync with the Podfile.lock. Run 'pod install' or update your CocoaPods installation.\nEOM\n    exit 1\nfi\n";
			showEnvVarsInLog = 0;
		};
/* End PBXShellScriptBuildPhase section */

/* Begin PBXSourcesBuildPhase section */
		C9D579AC1B0B9E3500364AB2 /* Sources */ = {
			isa = PBXSourcesBuildPhase;
			buildActionMask = 2147483647;
			files = (
				C9D579F21B0E34F500364AB2 /* BRCustomCell.m in Sources */,
				C9D579E11B0BA4BD00364AB2 /* Area.m in Sources */,
				C9D57A041B0E40E600364AB2 /* BRDirectionsViewController.m in Sources */,
				C9D579E41B0BA4BD00364AB2 /* Location.m in Sources */,
				C9D579DE1B0BA4BD00364AB2 /* Bug.m in Sources */,
				C9D579B91B0B9E3500364AB2 /* AppDelegate.m in Sources */,
				C9D579FE1B0E40C900364AB2 /* BRDetailsViewController.m in Sources */,
				C9D57A071B0E40F200364AB2 /* BRBugViewController.m in Sources */,
				C9D57A011B0E40D800364AB2 /* BRDescriptionViewController.m in Sources */,
				C9D579F81B0E3CC500364AB2 /* BRCustomCellTwo.m in Sources */,
				C9D579B61B0B9E3500364AB2 /* main.m in Sources */,
				C9D579BF1B0B9E3500364AB2 /* ViewController.m in Sources */,
				C9D579F51B0E351A00364AB2 /* BRAreasViewController.m in Sources */,
				C9D579BC1B0B9E3500364AB2 /* TheBlueRiver411.xcdatamodeld in Sources */,
				C9D579FB1B0E3CD700364AB2 /* BRLocationsViewController.m in Sources */,
			);
			runOnlyForDeploymentPostprocessing = 0;
		};
		C9D579C81B0B9E3500364AB2 /* Sources */ = {
			isa = PBXSourcesBuildPhase;
			buildActionMask = 2147483647;
			files = (
				C9D579D31B0B9E3500364AB2 /* TheBlueRiver411Tests.m in Sources */,
			);
			runOnlyForDeploymentPostprocessing = 0;
		};
/* End PBXSourcesBuildPhase section */

/* Begin PBXTargetDependency section */
		C9D579CE1B0B9E3500364AB2 /* PBXTargetDependency */ = {
			isa = PBXTargetDependency;
			target = C9D579AF1B0B9E3500364AB2 /* TheBlueRiver411 */;
			targetProxy = C9D579CD1B0B9E3500364AB2 /* PBXContainerItemProxy */;
		};
/* End PBXTargetDependency section */

/* Begin PBXVariantGroup section */
		C9D579C01B0B9E3500364AB2 /* Main.storyboard */ = {
			isa = PBXVariantGroup;
			children = (
				C9D579C11B0B9E3500364AB2 /* Base */,
			);
			name = Main.storyboard;
			sourceTree = "<group>";
		};
		C9D579C51B0B9E3500364AB2 /* LaunchScreen.xib */ = {
			isa = PBXVariantGroup;
			children = (
				C9D579C61B0B9E3500364AB2 /* Base */,
			);
			name = LaunchScreen.xib;
			sourceTree = "<group>";
		};
/* End PBXVariantGroup section */

/* Begin XCBuildConfiguration section */
		C9D579D41B0B9E3500364AB2 /* Debug */ = {
			isa = XCBuildConfiguration;
			buildSettings = {
				ALWAYS_SEARCH_USER_PATHS = NO;
				CLANG_CXX_LANGUAGE_STANDARD = "gnu++0x";
				CLANG_CXX_LIBRARY = "libc++";
				CLANG_ENABLE_MODULES = YES;
				CLANG_ENABLE_OBJC_ARC = YES;
				CLANG_WARN_BOOL_CONVERSION = YES;
				CLANG_WARN_CONSTANT_CONVERSION = YES;
				CLANG_WARN_DIRECT_OBJC_ISA_USAGE = YES_ERROR;
				CLANG_WARN_EMPTY_BODY = YES;
				CLANG_WARN_ENUM_CONVERSION = YES;
				CLANG_WARN_INT_CONVERSION = YES;
				CLANG_WARN_OBJC_ROOT_CLASS = YES_ERROR;
				CLANG_WARN_UNREACHABLE_CODE = YES;
				CLANG_WARN__DUPLICATE_METHOD_MATCH = YES;
				"CODE_SIGN_IDENTITY[sdk=iphoneos*]" = "iPhone Developer";
				COPY_PHASE_STRIP = NO;
				DEBUG_INFORMATION_FORMAT = "dwarf-with-dsym";
				ENABLE_STRICT_OBJC_MSGSEND = YES;
				ENABLE_TESTABILITY = YES;
				GCC_C_LANGUAGE_STANDARD = gnu99;
				GCC_DYNAMIC_NO_PIC = NO;
				GCC_NO_COMMON_BLOCKS = YES;
				GCC_OPTIMIZATION_LEVEL = 0;
				GCC_PREPROCESSOR_DEFINITIONS = (
					"DEBUG=1",
					"$(inherited)",
				);
				GCC_SYMBOLS_PRIVATE_EXTERN = NO;
				GCC_WARN_64_TO_32_BIT_CONVERSION = YES;
				GCC_WARN_ABOUT_RETURN_TYPE = YES_ERROR;
				GCC_WARN_UNDECLARED_SELECTOR = YES;
				GCC_WARN_UNINITIALIZED_AUTOS = YES_AGGRESSIVE;
				GCC_WARN_UNUSED_FUNCTION = YES;
				GCC_WARN_UNUSED_VARIABLE = YES;
				IPHONEOS_DEPLOYMENT_TARGET = 6.0;
				MTL_ENABLE_DEBUG_INFO = YES;
				ONLY_ACTIVE_ARCH = YES;
				SDKROOT = iphoneos;
			};
			name = Debug;
		};
		C9D579D51B0B9E3500364AB2 /* Release */ = {
			isa = XCBuildConfiguration;
			buildSettings = {
				ALWAYS_SEARCH_USER_PATHS = NO;
				CLANG_CXX_LANGUAGE_STANDARD = "gnu++0x";
				CLANG_CXX_LIBRARY = "libc++";
				CLANG_ENABLE_MODULES = YES;
				CLANG_ENABLE_OBJC_ARC = YES;
				CLANG_WARN_BOOL_CONVERSION = YES;
				CLANG_WARN_CONSTANT_CONVERSION = YES;
				CLANG_WARN_DIRECT_OBJC_ISA_USAGE = YES_ERROR;
				CLANG_WARN_EMPTY_BODY = YES;
				CLANG_WARN_ENUM_CONVERSION = YES;
				CLANG_WARN_INT_CONVERSION = YES;
				CLANG_WARN_OBJC_ROOT_CLASS = YES_ERROR;
				CLANG_WARN_UNREACHABLE_CODE = YES;
				CLANG_WARN__DUPLICATE_METHOD_MATCH = YES;
				"CODE_SIGN_IDENTITY[sdk=iphoneos*]" = "iPhone Developer";
				COPY_PHASE_STRIP = NO;
				DEBUG_INFORMATION_FORMAT = "dwarf-with-dsym";
				ENABLE_NS_ASSERTIONS = NO;
				ENABLE_STRICT_OBJC_MSGSEND = YES;
				GCC_C_LANGUAGE_STANDARD = gnu99;
				GCC_NO_COMMON_BLOCKS = YES;
				GCC_WARN_64_TO_32_BIT_CONVERSION = YES;
				GCC_WARN_ABOUT_RETURN_TYPE = YES_ERROR;
				GCC_WARN_UNDECLARED_SELECTOR = YES;
				GCC_WARN_UNINITIALIZED_AUTOS = YES_AGGRESSIVE;
				GCC_WARN_UNUSED_FUNCTION = YES;
				GCC_WARN_UNUSED_VARIABLE = YES;
				IPHONEOS_DEPLOYMENT_TARGET = 6.0;
				MTL_ENABLE_DEBUG_INFO = NO;
				SDKROOT = iphoneos;
				VALIDATE_PRODUCT = YES;
			};
			name = Release;
		};
		C9D579D71B0B9E3500364AB2 /* Debug */ = {
			isa = XCBuildConfiguration;
			baseConfigurationReference = 4834F1E7DFBC4CA2B5E12666 /* Pods-TheBlueRiver411.debug.xcconfig */;
			buildSettings = {
				ASSETCATALOG_COMPILER_APPICON_NAME = AppIcon;
				ASSETCATALOG_COMPILER_LAUNCHIMAGE_NAME = LaunchImage;
				CODE_SIGN_IDENTITY = "iPhone Developer";
				INFOPLIST_FILE = TheBlueRiver411/Info.plist;
				IPHONEOS_DEPLOYMENT_TARGET = 7.0;
				LD_RUNPATH_SEARCH_PATHS = "$(inherited) @executable_path/Frameworks";
				PRODUCT_BUNDLE_IDENTIFIER = "com.BenRussell.$(PRODUCT_NAME:rfc1034identifier)";
				PRODUCT_NAME = "$(TARGET_NAME)";
			};
			name = Debug;
		};
		C9D579D81B0B9E3500364AB2 /* Release */ = {
			isa = XCBuildConfiguration;
			baseConfigurationReference = E4133A6566B970F312BCDBAE /* Pods-TheBlueRiver411.release.xcconfig */;
			buildSettings = {
				ASSETCATALOG_COMPILER_APPICON_NAME = AppIcon;
				ASSETCATALOG_COMPILER_LAUNCHIMAGE_NAME = LaunchImage;
				CODE_SIGN_IDENTITY = "iPhone Developer";
				INFOPLIST_FILE = TheBlueRiver411/Info.plist;
				IPHONEOS_DEPLOYMENT_TARGET = 7.0;
				LD_RUNPATH_SEARCH_PATHS = "$(inherited) @executable_path/Frameworks";
				PRODUCT_BUNDLE_IDENTIFIER = "com.BenRussell.$(PRODUCT_NAME:rfc1034identifier)";
				PRODUCT_NAME = "$(TARGET_NAME)";
			};
			name = Release;
		};
		C9D579DA1B0B9E3500364AB2 /* Debug */ = {
			isa = XCBuildConfiguration;
			buildSettings = {
				BUNDLE_LOADER = "$(TEST_HOST)";
				FRAMEWORK_SEARCH_PATHS = (
					"$(SDKROOT)/Developer/Library/Frameworks",
					"$(inherited)",
				);
				GCC_PREPROCESSOR_DEFINITIONS = (
					"DEBUG=1",
					"$(inherited)",
				);
				INFOPLIST_FILE = TheBlueRiver411Tests/Info.plist;
				LD_RUNPATH_SEARCH_PATHS = "$(inherited) @executable_path/Frameworks @loader_path/Frameworks";
				PRODUCT_BUNDLE_IDENTIFIER = "com.BenRussell.$(PRODUCT_NAME:rfc1034identifier)";
				PRODUCT_NAME = "$(TARGET_NAME)";
				TEST_HOST = "$(BUILT_PRODUCTS_DIR)/TheBlueRiver411.app/TheBlueRiver411";
			};
			name = Debug;
		};
		C9D579DB1B0B9E3500364AB2 /* Release */ = {
			isa = XCBuildConfiguration;
			buildSettings = {
				BUNDLE_LOADER = "$(TEST_HOST)";
				FRAMEWORK_SEARCH_PATHS = (
					"$(SDKROOT)/Developer/Library/Frameworks",
					"$(inherited)",
				);
				INFOPLIST_FILE = TheBlueRiver411Tests/Info.plist;
				LD_RUNPATH_SEARCH_PATHS = "$(inherited) @executable_path/Frameworks @loader_path/Frameworks";
				PRODUCT_BUNDLE_IDENTIFIER = "com.BenRussell.$(PRODUCT_NAME:rfc1034identifier)";
				PRODUCT_NAME = "$(TARGET_NAME)";
				TEST_HOST = "$(BUILT_PRODUCTS_DIR)/TheBlueRiver411.app/TheBlueRiver411";
			};
			name = Release;
		};
/* End XCBuildConfiguration section */

/* Begin XCConfigurationList section */
		C9D579AB1B0B9E3500364AB2 /* Build configuration list for PBXProject "TheBlueRiver411" */ = {
			isa = XCConfigurationList;
			buildConfigurations = (
				C9D579D41B0B9E3500364AB2 /* Debug */,
				C9D579D51B0B9E3500364AB2 /* Release */,
			);
			defaultConfigurationIsVisible = 0;
			defaultConfigurationName = Release;
		};
		C9D579D61B0B9E3500364AB2 /* Build configuration list for PBXNativeTarget "TheBlueRiver411" */ = {
			isa = XCConfigurationList;
			buildConfigurations = (
				C9D579D71B0B9E3500364AB2 /* Debug */,
				C9D579D81B0B9E3500364AB2 /* Release */,
			);
			defaultConfigurationIsVisible = 0;
			defaultConfigurationName = Release;
		};
		C9D579D91B0B9E3500364AB2 /* Build configuration list for PBXNativeTarget "TheBlueRiver411Tests" */ = {
			isa = XCConfigurationList;
			buildConfigurations = (
				C9D579DA1B0B9E3500364AB2 /* Debug */,
				C9D579DB1B0B9E3500364AB2 /* Release */,
			);
			defaultConfigurationIsVisible = 0;
			defaultConfigurationName = Release;
		};
/* End XCConfigurationList section */

/* Begin XCVersionGroup section */
		C9D579BA1B0B9E3500364AB2 /* TheBlueRiver411.xcdatamodeld */ = {
			isa = XCVersionGroup;
			children = (
				C9D579BB1B0B9E3500364AB2 /* TheBlueRiver411.xcdatamodel */,
			);
			currentVersion = C9D579BB1B0B9E3500364AB2 /* TheBlueRiver411.xcdatamodel */;
			path = TheBlueRiver411.xcdatamodeld;
			sourceTree = "<group>";
			versionGroupType = wrapper.xcdatamodel;
		};
/* End XCVersionGroup section */
	};
	rootObject = C9D579A81B0B9E3500364AB2 /* Project object */;
}
